// !$*UTF8*$!
{
	archiveVersion = 1;
	classes = {
	};
	objectVersion = 50;
	objects = {

/* Begin PBXBuildFile section */
		05527BD9221AA6CE0052C618 /* arrears.png in Resources */ = {isa = PBXBuildFile; fileRef = 05527BD8221AA6CE0052C618 /* arrears.png */; };
		05BCE85520BE8F9800FFA882 /* AppDelegate.m in Sources */ = {isa = PBXBuildFile; fileRef = 05BCE85420BE8F9800FFA882 /* AppDelegate.m */; };
		05BCE85820BE8F9800FFA882 /* ViewController.m in Sources */ = {isa = PBXBuildFile; fileRef = 05BCE85720BE8F9800FFA882 /* ViewController.m */; };
		05BCE85B20BE8F9800FFA882 /* Main.storyboard in Resources */ = {isa = PBXBuildFile; fileRef = 05BCE85920BE8F9800FFA882 /* Main.storyboard */; };
		05BCE85D20BE8F9A00FFA882 /* Assets.xcassets in Resources */ = {isa = PBXBuildFile; fileRef = 05BCE85C20BE8F9A00FFA882 /* Assets.xcassets */; };
		05BCE86020BE8F9A00FFA882 /* LaunchScreen.storyboard in Resources */ = {isa = PBXBuildFile; fileRef = 05BCE85E20BE8F9A00FFA882 /* LaunchScreen.storyboard */; };
		05BCE86320BE8F9A00FFA882 /* main.m in Sources */ = {isa = PBXBuildFile; fileRef = 05BCE86220BE8F9A00FFA882 /* main.m */; };
		05E26F1A221AA7E500814870 /* NSMutableData+LGAppendingData.m in Sources */ = {isa = PBXBuildFile; fileRef = 05E26F19221AA7E500814870 /* NSMutableData+LGAppendingData.m */; };
		6F7476B13694C65AA7BF9ABE /* libPods-HTTPSocket.a in Frameworks */ = {isa = PBXBuildFile; fileRef = 88430444D9943EF8F1507BCB /* libPods-HTTPSocket.a */; };
/* End PBXBuildFile section */

/* Begin PBXFileReference section */
		05527BD8221AA6CE0052C618 /* arrears.png */ = {isa = PBXFileReference; lastKnownFileType = image.png; path = arrears.png; sourceTree = "<group>"; };
		05BCE85020BE8F9800FFA882 /* HTTPSocket.app */ = {isa = PBXFileReference; explicitFileType = wrapper.application; includeInIndex = 0; path = HTTPSocket.app; sourceTree = BUILT_PRODUCTS_DIR; };
		05BCE85320BE8F9800FFA882 /* AppDelegate.h */ = {isa = PBXFileReference; lastKnownFileType = sourcecode.c.h; path = AppDelegate.h; sourceTree = "<group>"; };
		05BCE85420BE8F9800FFA882 /* AppDelegate.m */ = {isa = PBXFileReference; lastKnownFileType = sourcecode.c.objc; path = AppDelegate.m; sourceTree = "<group>"; };
		05BCE85620BE8F9800FFA882 /* ViewController.h */ = {isa = PBXFileReference; lastKnownFileType = sourcecode.c.h; path = ViewController.h; sourceTree = "<group>"; };
		05BCE85720BE8F9800FFA882 /* ViewController.m */ = {isa = PBXFileReference; lastKnownFileType = sourcecode.c.objc; path = ViewController.m; sourceTree = "<group>"; };
		05BCE85A20BE8F9800FFA882 /* Base */ = {isa = PBXFileReference; lastKnownFileType = file.storyboard; name = Base; path = Base.lproj/Main.storyboard; sourceTree = "<group>"; };
		05BCE85C20BE8F9A00FFA882 /* Assets.xcassets */ = {isa = PBXFileReference; lastKnownFileType = folder.assetcatalog; path = Assets.xcassets; sourceTree = "<group>"; };
		05BCE85F20BE8F9A00FFA882 /* Base */ = {isa = PBXFileReference; lastKnownFileType = file.storyboard; name = Base; path = Base.lproj/LaunchScreen.storyboard; sourceTree = "<group>"; };
		05BCE86120BE8F9A00FFA882 /* Info.plist */ = {isa = PBXFileReference; lastKnownFileType = text.plist.xml; path = Info.plist; sourceTree = "<group>"; };
		05BCE86220BE8F9A00FFA882 /* main.m */ = {isa = PBXFileReference; lastKnownFileType = sourcecode.c.objc; path = main.m; sourceTree = "<group>"; };
		05E26F18221AA7E500814870 /* NSMutableData+LGAppendingData.h */ = {isa = PBXFileReference; lastKnownFileType = sourcecode.c.h; path = "NSMutableData+LGAppendingData.h"; sourceTree = "<group>"; };
		05E26F19221AA7E500814870 /* NSMutableData+LGAppendingData.m */ = {isa = PBXFileReference; lastKnownFileType = sourcecode.c.objc; path = "NSMutableData+LGAppendingData.m"; sourceTree = "<group>"; };
		88430444D9943EF8F1507BCB /* libPods-HTTPSocket.a */ = {isa = PBXFileReference; explicitFileType = archive.ar; includeInIndex = 0; path = "libPods-HTTPSocket.a"; sourceTree = BUILT_PRODUCTS_DIR; };
		8D7C0B622DEFE59FD7114D83 /* Pods-HTTPSocket.release.xcconfig */ = {isa = PBXFileReference; includeInIndex = 1; lastKnownFileType = text.xcconfig; name = "Pods-HTTPSocket.release.xcconfig"; path = "Pods/Target Support Files/Pods-HTTPSocket/Pods-HTTPSocket.release.xcconfig"; sourceTree = "<group>"; };
		96CF3891574013A0E0B42CA8 /* Pods-HTTPSocket.debug.xcconfig */ = {isa = PBXFileReference; includeInIndex = 1; lastKnownFileType = text.xcconfig; name = "Pods-HTTPSocket.debug.xcconfig"; path = "Pods/Target Support Files/Pods-HTTPSocket/Pods-HTTPSocket.debug.xcconfig"; sourceTree = "<group>"; };
/* End PBXFileReference section */

/* Begin PBXFrameworksBuildPhase section */
		05BCE84D20BE8F9800FFA882 /* Frameworks */ = {
			isa = PBXFrameworksBuildPhase;
			buildActionMask = 2147483647;
			files = (
				6F7476B13694C65AA7BF9ABE /* libPods-HTTPSocket.a in Frameworks */,
			);
			runOnlyForDeploymentPostprocessing = 0;
		};
/* End PBXFrameworksBuildPhase section */

/* Begin PBXGroup section */
		05527BD7221AA6CE0052C618 /* Resorce */ = {
			isa = PBXGroup;
			children = (
				05527BD8221AA6CE0052C618 /* arrears.png */,
			);
			path = Resorce;
			sourceTree = "<group>";
		};
		05BCE84720BE8F9800FFA882 = {
			isa = PBXGroup;
			children = (
				05BCE85220BE8F9800FFA882 /* HTTPSocket */,
				05BCE85120BE8F9800FFA882 /* Products */,
				0E524527B963EC585F9FDDF7 /* Pods */,
				DE2660D9E761FC492A28400C /* Frameworks */,
			);
			sourceTree = "<group>";
		};
		05BCE85120BE8F9800FFA882 /* Products */ = {
			isa = PBXGroup;
			children = (
				05BCE85020BE8F9800FFA882 /* HTTPSocket.app */,
			);
			name = Products;
			sourceTree = "<group>";
		};
		05BCE85220BE8F9800FFA882 /* HTTPSocket */ = {
			isa = PBXGroup;
			children = (
				05527BD7221AA6CE0052C618 /* Resorce */,
				05BCE85320BE8F9800FFA882 /* AppDelegate.h */,
				05BCE85420BE8F9800FFA882 /* AppDelegate.m */,
				05BCE85620BE8F9800FFA882 /* ViewController.h */,
				05BCE85720BE8F9800FFA882 /* ViewController.m */,
				05BCE85920BE8F9800FFA882 /* Main.storyboard */,
				05BCE85C20BE8F9A00FFA882 /* Assets.xcassets */,
				05BCE85E20BE8F9A00FFA882 /* LaunchScreen.storyboard */,
				05BCE86120BE8F9A00FFA882 /* Info.plist */,
				05BCE86220BE8F9A00FFA882 /* main.m */,
				05E26F18221AA7E500814870 /* NSMutableData+LGAppendingData.h */,
				05E26F19221AA7E500814870 /* NSMutableData+LGAppendingData.m */,
			);
			path = HTTPSocket;
			sourceTree = "<group>";
		};
		0E524527B963EC585F9FDDF7 /* Pods */ = {
			isa = PBXGroup;
			children = (
				96CF3891574013A0E0B42CA8 /* Pods-HTTPSocket.debug.xcconfig */,
				8D7C0B622DEFE59FD7114D83 /* Pods-HTTPSocket.release.xcconfig */,
			);
			name = Pods;
			sourceTree = "<group>";
		};
		DE2660D9E761FC492A28400C /* Frameworks */ = {
			isa = PBXGroup;
			children = (
				88430444D9943EF8F1507BCB /* libPods-HTTPSocket.a */,
			);
			name = Frameworks;
			sourceTree = "<group>";
		};
/* End PBXGroup section */

/* Begin PBXNativeTarget section */
		05BCE84F20BE8F9800FFA882 /* HTTPSocket */ = {
			isa = PBXNativeTarget;
			buildConfigurationList = 05BCE86620BE8F9A00FFA882 /* Build configuration list for PBXNativeTarget "HTTPSocket" */;
			buildPhases = (
				04D38F1B95E6491A05E954D8 /* [CP] Check Pods Manifest.lock */,
				05BCE84C20BE8F9800FFA882 /* Sources */,
				05BCE84D20BE8F9800FFA882 /* Frameworks */,
				05BCE84E20BE8F9800FFA882 /* Resources */,
			);
			buildRules = (
			);
			dependencies = (
			);
			name = HTTPSocket;
			productName = HTTPSocket;
			productReference = 05BCE85020BE8F9800FFA882 /* HTTPSocket.app */;
			productType = "com.apple.product-type.application";
		};
/* End PBXNativeTarget section */

/* Begin PBXProject section */
		05BCE84820BE8F9800FFA882 /* Project object */ = {
			isa = PBXProject;
			attributes = {
				LastUpgradeCheck = 0930;
				ORGANIZATIONNAME = 1;
				TargetAttributes = {
					05BCE84F20BE8F9800FFA882 = {
						CreatedOnToolsVersion = 9.3;
					};
				};
			};
			buildConfigurationList = 05BCE84B20BE8F9800FFA882 /* Build configuration list for PBXProject "HTTPSocket" */;
			compatibilityVersion = "Xcode 9.3";
			developmentRegion = en;
			hasScannedForEncodings = 0;
			knownRegions = (
				en,
				Base,
			);
			mainGroup = 05BCE84720BE8F9800FFA882;
			productRefGroup = 05BCE85120BE8F9800FFA882 /* Products */;
			projectDirPath = "";
			projectRoot = "";
			targets = (
				05BCE84F20BE8F9800FFA882 /* HTTPSocket */,
			);
		};
/* End PBXProject section */

/* Begin PBXResourcesBuildPhase section */
		05BCE84E20BE8F9800FFA882 /* Resources */ = {
			isa = PBXResourcesBuildPhase;
			buildActionMask = 2147483647;
			files = (
				05BCE86020BE8F9A00FFA882 /* LaunchScreen.storyboard in Resources */,
				05BCE85D20BE8F9A00FFA882 /* Assets.xcassets in Resources */,
				05527BD9221AA6CE0052C618 /* arrears.png in Resources */,
				05BCE85B20BE8F9800FFA882 /* Main.storyboard in Resources */,
			);
			runOnlyForDeploymentPostprocessing = 0;
		};
/* End PBXResourcesBuildPhase section */

/* Begin PBXShellScriptBuildPhase section */
		04D38F1B95E6491A05E954D8 /* [CP] Check Pods Manifest.lock */ = {
			isa = PBXShellScriptBuildPhase;
			buildActionMask = 2147483647;
			files = (
			);
			inputPaths = (
				"${PODS_PODFILE_DIR_PATH}/Podfile.lock",
				"${PODS_ROOT}/Manifest.lock",
			);
			name = "[CP] Check Pods Manifest.lock";
			outputPaths = (
				"$(DERIVED_FILE_DIR)/Pods-HTTPSocket-checkManifestLockResult.txt",
			);
			runOnlyForDeploymentPostprocessing = 0;
			shellPath = /bin/sh;
			shellScript = "diff \"${PODS_PODFILE_DIR_PATH}/Podfile.lock\" \"${PODS_ROOT}/Manifest.lock\" > /dev/null\nif [ $? != 0 ] ; then\n    # print error to STDERR\n    echo \"error: The sandbox is not in sync with the Podfile.lock. Run 'pod install' or update your CocoaPods installation.\" >&2\n    exit 1\nfi\n# This output is used by Xcode 'outputs' to avoid re-running this script phase.\necho \"SUCCESS\" > \"${SCRIPT_OUTPUT_FILE_0}\"\n";
			showEnvVarsInLog = 0;
		};
/* End PBXShellScriptBuildPhase section */

/* Begin PBXSourcesBuildPhase section */
		05BCE84C20BE8F9800FFA882 /* Sources */ = {
			isa = PBXSourcesBuildPhase;
			buildActionMask = 2147483647;
			files = (
				05BCE85820BE8F9800FFA882 /* ViewController.m in Sources */,
				05E26F1A221AA7E500814870 /* NSMutableData+LGAppendingData.m in Sources */,
				05BCE86320BE8F9A00FFA882 /* main.m in Sources */,
				05BCE85520BE8F9800FFA882 /* AppDelegate.m in Sources */,
			);
			runOnlyForDeploymentPostprocessing = 0;
		};
/* End PBXSourcesBuildPhase section */

/* Begin PBXVariantGroup section */
		05BCE85920BE8F9800FFA882 /* Main.storyboard */ = {
			isa = PBXVariantGroup;
			children = (
				05BCE85A20BE8F9800FFA882 /* Base */,
			);
			name = Main.storyboard;
			sourceTree = "<group>";
		};
		05BCE85E20BE8F9A00FFA882 /* LaunchScreen.storyboard */ = {
			isa = PBXVariantGroup;
			children = (
				05BCE85F20BE8F9A00FFA882 /* Base */,
			);
			name = LaunchScreen.storyboard;
			sourceTree = "<group>";
		};
/* End PBXVariantGroup section */

/* Begin XCBuildConfiguration section */
		05BCE86420BE8F9A00FFA882 /* Debug */ = {
			isa = XCBuildConfiguration;
			buildSettings = {
				ALWAYS_SEARCH_USER_PATHS = NO;
				CLANG_ANALYZER_NONNULL = YES;
				CLANG_ANALYZER_NUMBER_OBJECT_CONVERSION = YES_AGGRESSIVE;
				CLANG_CXX_LANGUAGE_STANDARD = "gnu++14";
				CLANG_CXX_LIBRARY = "libc++";
				CLANG_ENABLE_MODULES = YES;
				CLANG_ENABLE_OBJC_ARC = YES;
				CLANG_ENABLE_OBJC_WEAK = YES;
				CLANG_WARN_BLOCK_CAPTURE_AUTORELEASING = YES;
				CLANG_WARN_BOOL_CONVERSION = YES;
				CLANG_WARN_COMMA = YES;
				CLANG_WARN_CONSTANT_CONVERSION = YES;
				CLANG_WARN_DEPRECATED_OBJC_IMPLEMENTATIONS = YES;
				CLANG_WARN_DIRECT_OBJC_ISA_USAGE = YES_ERROR;
				CLANG_WARN_DOCUMENTATION_COMMENTS = YES;
				CLANG_WARN_EMPTY_BODY = YES;
				CLANG_WARN_ENUM_CONVERSION = YES;
				CLANG_WARN_INFINITE_RECURSION = YES;
				CLANG_WARN_INT_CONVERSION = YES;
				CLANG_WARN_NON_LITERAL_NULL_CONVERSION = YES;
				CLANG_WARN_OBJC_IMPLICIT_RETAIN_SELF = YES;
				CLANG_WARN_OBJC_LITERAL_CONVERSION = YES;
				CLANG_WARN_OBJC_ROOT_CLASS = YES_ERROR;
				CLANG_WARN_RANGE_LOOP_ANALYSIS = YES;
				CLANG_WARN_STRICT_PROTOTYPES = YES;
				CLANG_WARN_SUSPICIOUS_MOVE = YES;
				CLANG_WARN_UNGUARDED_AVAILABILITY = YES_AGGRESSIVE;
				CLANG_WARN_UNREACHABLE_CODE = YES;
				CLANG_WARN__DUPLICATE_METHOD_MATCH = YES;
				CODE_SIGN_IDENTITY = "iPhone Developer";
				COPY_PHASE_STRIP = NO;
				DEBUG_INFORMATION_FORMAT = dwarf;
				ENABLE_STRICT_OBJC_MSGSEND = YES;
				ENABLE_TESTABILITY = YES;
				GCC_C_LANGUAGE_STANDARD = gnu11;
				GCC_DYNAMIC_NO_PIC = NO;
				GCC_NO_COMMON_BLOCKS = YES;
				GCC_OPTIMIZATION_LEVEL = 0;
				GCC_PREPROCESSOR_DEFINITIONS = (
					"DEBUG=1",
					"$(inherited)",
				);
				GCC_WARN_64_TO_32_BIT_CONVERSION = YES;
				GCC_WARN_ABOUT_RETURN_TYPE = YES_ERROR;
				GCC_WARN_UNDECLARED_SELECTOR = YES;
				GCC_WARN_UNINITIALIZED_AUTOS = YES_AGGRESSIVE;
				GCC_WARN_UNUSED_FUNCTION = YES;
				GCC_WARN_UNUSED_VARIABLE = YES;
				IPHONEOS_DEPLOYMENT_TARGET = 11.3;
				MTL_ENABLE_DEBUG_INFO = YES;
				ONLY_ACTIVE_ARCH = YES;
				SDKROOT = iphoneos;
			};
			name = Debug;
		};
		05BCE86520BE8F9A00FFA882 /* Release */ = {
			isa = XCBuildConfiguration;
			buildSettings = {
				ALWAYS_SEARCH_USER_PATHS = NO;
				CLANG_ANALYZER_NONNULL = YES;
				CLANG_ANALYZER_NUMBER_OBJECT_CONVERSION = YES_AGGRESSIVE;
				CLANG_CXX_LANGUAGE_STANDARD = "gnu++14";
				CLANG_CXX_LIBRARY = "libc++";
				CLANG_ENABLE_MODULES = YES;
				CLANG_ENABLE_OBJC_ARC = YES;
				CLANG_ENABLE_OBJC_WEAK = YES;
				CLANG_WARN_BLOCK_CAPTURE_AUTORELEASING = YES;
				CLANG_WARN_BOOL_CONVERSION = YES;
				CLANG_WARN_COMMA = YES;
				CLANG_WARN_CONSTANT_CONVERSION = YES;
				CLANG_WARN_DEPRECATED_OBJC_IMPLEMENTATIONS = YES;
				CLANG_WARN_DIRECT_OBJC_ISA_USAGE = YES_ERROR;
				CLANG_WARN_DOCUMENTATION_COMMENTS = YES;
				CLANG_WARN_EMPTY_BODY = YES;
				CLANG_WARN_ENUM_CONVERSION = YES;
				CLANG_WARN_INFINITE_RECURSION = YES;
				CLANG_WARN_INT_CONVERSION = YES;
				CLANG_WARN_NON_LITERAL_NULL_CONVERSION = YES;
				CLANG_WARN_OBJC_IMPLICIT_RETAIN_SELF = YES;
				CLANG_WARN_OBJC_LITERAL_CONVERSION = YES;
				CLANG_WARN_OBJC_ROOT_CLASS = YES_ERROR;
				CLANG_WARN_RANGE_LOOP_ANALYSIS = YES;
				CLANG_WARN_STRICT_PROTOTYPES = YES;
				CLANG_WARN_SUSPICIOUS_MOVE = YES;
				CLANG_WARN_UNGUARDED_AVAILABILITY = YES_AGGRESSIVE;
				CLANG_WARN_UNREACHABLE_CODE = YES;
				CLANG_WARN__DUPLICATE_METHOD_MATCH = YES;
				CODE_SIGN_IDENTITY = "iPhone Developer";
				COPY_PHASE_STRIP = NO;
				DEBUG_INFORMATION_FORMAT = "dwarf-with-dsym";
				ENABLE_NS_ASSERTIONS = NO;
				ENABLE_STRICT_OBJC_MSGSEND = YES;
				GCC_C_LANGUAGE_STANDARD = gnu11;
				GCC_NO_COMMON_BLOCKS = YES;
				GCC_WARN_64_TO_32_BIT_CONVERSION = YES;
				GCC_WARN_ABOUT_RETURN_TYPE = YES_ERROR;
				GCC_WARN_UNDECLARED_SELECTOR = YES;
				GCC_WARN_UNINITIALIZED_AUTOS = YES_AGGRESSIVE;
				GCC_WARN_UNUSED_FUNCTION = YES;
				GCC_WARN_UNUSED_VARIABLE = YES;
				IPHONEOS_DEPLOYMENT_TARGET = 11.3;
				MTL_ENABLE_DEBUG_INFO = NO;
				SDKROOT = iphoneos;
				VALIDATE_PRODUCT = YES;
			};
			name = Release;
		};
		05BCE86720BE8F9A00FFA882 /* Debug */ = {
			isa = XCBuildConfiguration;
			baseConfigurationReference = 96CF3891574013A0E0B42CA8 /* Pods-HTTPSocket.debug.xcconfig */;
			buildSettings = {
				ASSETCATALOG_COMPILER_APPICON_NAME = AppIcon;
				CODE_SIGN_STYLE = Manual;
				DEVELOPMENT_TEAM = "";
				INFOPLIST_FILE = HTTPSocket/Info.plist;
				IPHONEOS_DEPLOYMENT_TARGET = 9.0;
				LD_RUNPATH_SEARCH_PATHS = (
					"$(inherited)",
					"@executable_path/Frameworks",
				);
				PRODUCT_BUNDLE_IDENTIFIER = "-.HTTPSocket";
				PRODUCT_NAME = "$(TARGET_NAME)";
				PROVISIONING_PROFILE_SPECIFIER = "";
				TARGETED_DEVICE_FAMILY = "1,2";
			};
			name = Debug;
		};
		05BCE86820BE8F9A00FFA882 /* Release */ = {
			isa = XCBuildConfiguration;
			baseConfigurationReference = 8D7C0B622DEFE59FD7114D83 /* Pods-HTTPSocket.release.xcconfig */;
			buildSettings = {
				ASSETCATALOG_COMPILER_APPICON_NAME = AppIcon;
				CODE_SIGN_STYLE = Manual;
				DEVELOPMENT_TEAM = "";
				INFOPLIST_FILE = HTTPSocket/Info.plist;
				IPHONEOS_DEPLOYMENT_TARGET = 9.0;
				LD_RUNPATH_SEARCH_PATHS = (
					"$(inherited)",
					"@executable_path/Frameworks",
				);
				PRODUCT_BUNDLE_IDENTIFIER = "-.HTTPSocket";
				PRODUCT_NAME = "$(TARGET_NAME)";
				PROVISIONING_PROFILE_SPECIFIER = "";
				TARGETED_DEVICE_FAMILY = "1,2";
			};
			name = Release;
		};
/* End XCBuildConfiguration section */

/* Begin XCConfigurationList section */
		05BCE84B20BE8F9800FFA882 /* Build configuration list for PBXProject "HTTPSocket" */ = {
			isa = XCConfigurationList;
			buildConfigurations = (
				05BCE86420BE8F9A00FFA882 /* Debug */,
				05BCE86520BE8F9A00FFA882 /* Release */,
			);
			defaultConfigurationIsVisible = 0;
			defaultConfigurationName = Release;
		};
		05BCE86620BE8F9A00FFA882 /* Build configuration list for PBXNativeTarget "HTTPSocket" */ = {
			isa = XCConfigurationList;
			buildConfigurations = (
				05BCE86720BE8F9A00FFA882 /* Debug */,
				05BCE86820BE8F9A00FFA882 /* Release */,
			);
			defaultConfigurationIsVisible = 0;
			defaultConfigurationName = Release;
		};
/* End XCConfigurationList section */
	};
	rootObject = 05BCE84820BE8F9800FFA882 /* Project object */;
}
